
Microsoft Visual Studio Solution File, Format Version 12.00
# Visual Studio Version 16
VisualStudioVersion = 16.0.33027.164
MinimumVisualStudioVersion = 10.0.40219.1
Project("{FAE04EC0-301F-11D3-BF4B-00C04F79EFBC}") = "project1", "project1\project1.csproj", "{2B40E796-5098-4EF4-90DA-090DC3452212}"
EndProject
Global
	GlobalSection(SolutionConfigurationPlatforms) = preSolution
		Debug|Any CPU = Debug|Any CPU
		Release|Any CPU = Release|Any CPU
	EndGlobalSection
	GlobalSection(ProjectConfigurationPlatforms) = postSolution
		{2B40E796-5098-4EF4-90DA-090DC3452212}.Debug|Any CPU.ActiveCfg = Debug|Any CPU
		{2B40E796-5098-4EF4-90DA-090DC3452212}.Debug|Any CPU.Build.0 = Debug|Any CPU
		{2B40E796-5098-4EF4-90DA-090DC3452212}.Release|Any CPU.ActiveCfg = Release|Any CPU
		{2B40E796-5098-4EF4-90DA-090DC3452212}.Release|Any CPU.Build.0 = Release|Any CPU
	EndGlobalSection
	GlobalSection(SolutionProperties) = preSolution
		HideSolutionNode = FALSE
	EndGlobalSection
	GlobalSection(ExtensibilityGlobals) = postSolution
		SolutionGuid = {466DC3B8-A6FE-4DE1-AD69-471B6FD46BD6}
	EndGlobalSection
EndGlobal
